
Microsoft Visual Studio Solution File, Format Version 12.00
# Visual Studio 15
VisualStudioVersion = 15.0.28010.2050
MinimumVisualStudioVersion = 10.0.40219.1
Project("{9A19103F-16F7-4668-BE54-9A1E7A4F7556}") = "lfmachadodasilva.MyExpenses.Core", "src\lfmachadodasilva.MyExpenses.Core\lfmachadodasilva.MyExpenses.Core.csproj", "{9996EFAB-2D87-42AD-938B-DB0B31A172DA}"
EndProject
Project("{2150E333-8FDC-42A3-9474-1A3956D46DE8}") = "tests", "tests", "{50DB47B2-396E-4704-B881-63D3E795E69B}"
EndProject
Project("{9A19103F-16F7-4668-BE54-9A1E7A4F7556}") = "lfmachadodasilva.MyExpenses.UnitTest", "tests\lfmachadodasilva.MyExpenses.UnitTest\lfmachadodasilva.MyExpenses.UnitTest.csproj", "{EE1DB370-9780-4D5D-9021-6637A8E842C8}"
EndProject
Project("{9A19103F-16F7-4668-BE54-9A1E7A4F7556}") = "lfmachadodasilva.MyExpenses.IntegrationTests", "tests\lfmachadodasilva.MyExpenses.IntegrationTests\lfmachadodasilva.MyExpenses.IntegrationTests.csproj", "{EBF5A258-8ECC-4C7D-AEF8-E3E6324432F2}"
EndProject
Project("{2150E333-8FDC-42A3-9474-1A3956D46DE8}") = "src", "src", "{73E3A2F6-E50A-4A60-AC14-D2A5732A66E5}"
EndProject
Project("{2150E333-8FDC-42A3-9474-1A3956D46DE8}") = "Solution Items", "Solution Items", "{754EEA23-E2ED-4E3C-890B-1495D6B56844}"
	ProjectSection(SolutionItems) = preProject
		.appveyor.yml = .appveyor.yml
	EndProjectSection
EndProject
Project("{9A19103F-16F7-4668-BE54-9A1E7A4F7556}") = "lfmachadodasilva.MyExpenses.WebApplication", "src\lfmachadodasilva.MyExpenses.WebApplication\lfmachadodasilva.MyExpenses.WebApplication.csproj", "{8DDD99B4-3804-4088-9DE1-02235759D0C1}"
EndProject
Global
	GlobalSection(SolutionConfigurationPlatforms) = preSolution
		Debug|Any CPU = Debug|Any CPU
		Release|Any CPU = Release|Any CPU
	EndGlobalSection
	GlobalSection(ProjectConfigurationPlatforms) = postSolution
		{9996EFAB-2D87-42AD-938B-DB0B31A172DA}.Debug|Any CPU.ActiveCfg = Debug|Any CPU
		{9996EFAB-2D87-42AD-938B-DB0B31A172DA}.Debug|Any CPU.Build.0 = Debug|Any CPU
		{9996EFAB-2D87-42AD-938B-DB0B31A172DA}.Release|Any CPU.ActiveCfg = Release|Any CPU
		{9996EFAB-2D87-42AD-938B-DB0B31A172DA}.Release|Any CPU.Build.0 = Release|Any CPU
		{EE1DB370-9780-4D5D-9021-6637A8E842C8}.Debug|Any CPU.ActiveCfg = Debug|Any CPU
		{EE1DB370-9780-4D5D-9021-6637A8E842C8}.Debug|Any CPU.Build.0 = Debug|Any CPU
		{EE1DB370-9780-4D5D-9021-6637A8E842C8}.Release|Any CPU.ActiveCfg = Release|Any CPU
		{EE1DB370-9780-4D5D-9021-6637A8E842C8}.Release|Any CPU.Build.0 = Release|Any CPU
		{EBF5A258-8ECC-4C7D-AEF8-E3E6324432F2}.Debug|Any CPU.ActiveCfg = Debug|Any CPU
		{EBF5A258-8ECC-4C7D-AEF8-E3E6324432F2}.Debug|Any CPU.Build.0 = Debug|Any CPU
		{EBF5A258-8ECC-4C7D-AEF8-E3E6324432F2}.Release|Any CPU.ActiveCfg = Release|Any CPU
		{EBF5A258-8ECC-4C7D-AEF8-E3E6324432F2}.Release|Any CPU.Build.0 = Release|Any CPU
		{8DDD99B4-3804-4088-9DE1-02235759D0C1}.Debug|Any CPU.ActiveCfg = Debug|Any CPU
		{8DDD99B4-3804-4088-9DE1-02235759D0C1}.Debug|Any CPU.Build.0 = Debug|Any CPU
		{8DDD99B4-3804-4088-9DE1-02235759D0C1}.Release|Any CPU.ActiveCfg = Release|Any CPU
		{8DDD99B4-3804-4088-9DE1-02235759D0C1}.Release|Any CPU.Build.0 = Release|Any CPU
	EndGlobalSection
	GlobalSection(SolutionProperties) = preSolution
		HideSolutionNode = FALSE
	EndGlobalSection
	GlobalSection(NestedProjects) = preSolution
		{9996EFAB-2D87-42AD-938B-DB0B31A172DA} = {73E3A2F6-E50A-4A60-AC14-D2A5732A66E5}
		{EE1DB370-9780-4D5D-9021-6637A8E842C8} = {50DB47B2-396E-4704-B881-63D3E795E69B}
		{EBF5A258-8ECC-4C7D-AEF8-E3E6324432F2} = {50DB47B2-396E-4704-B881-63D3E795E69B}
		{8DDD99B4-3804-4088-9DE1-02235759D0C1} = {73E3A2F6-E50A-4A60-AC14-D2A5732A66E5}
	EndGlobalSection
	GlobalSection(ExtensibilityGlobals) = postSolution
		SolutionGuid = {C0A6B76C-E55E-4425-9353-5ADCA54B09FC}
	EndGlobalSection
EndGlobal
